// !$*UTF8*$!
{
	archiveVersion = 1;
	classes = {
	};
	objectVersion = 77;
	objects = {

/* Begin PBXBuildFile section */
		DC0CF3B02FFA3838001E0BE8 /* MLXLLM in Frameworks */ = {isa = PBXBuildFile; productRef = DC0CF3AF2FFA3838001E0BE8 /* MLXLLM */; };
		DC3B9B092FFB7619006C011B /* Tokenizers in Frameworks */ = {isa = PBXBuildFile; productRef = DC3B9B082FFB7619006C011B /* Tokenizers */; };
		DC3B9B0B2FFB76BF006C011B /* Hub in Frameworks */ = {isa = PBXBuildFile; productRef = DC3B9B0A2FFB76BF006C011B /* Hub */; };
		DC5AE35D2FFA41940099A946 /* MLXHuggingFace in Frameworks */ = {isa = PBXBuildFile; productRef = DC5AE35C2FFA41940099A946 /* MLXHuggingFace */; };
		DC5AE3602FFA43C00099A946 /* HuggingFace in Frameworks */ = {isa = PBXBuildFile; productRef = DC5AE35F2FFA43C00099A946 /* HuggingFace */; };
		DCF2F68A2FFC0A8F00D366B8 /* Qwen2.5-0.5B-Instruct-4bit in Resources */ = {isa = PBXBuildFile; fileRef = DCF2F6892FFC0A8F00D366B8 /* Qwen2.5-0.5B-Instruct-4bit */; };
		DCF338862FFA359B00FDA1A3 /* MLX in Frameworks */ = {isa = PBXBuildFile; productRef = DCF338852FFA359B00FDA1A3 /* MLX */; };
/* End PBXBuildFile section */

/* Begin PBXContainerItemProxy section */
		DC7D34F82FF96316003243E6 /* PBXContainerItemProxy */ = {
			isa = PBXContainerItemProxy;
			containerPortal = DC7D34E02FF96316003243E6 /* Project object */;
			proxyType = 1;
			remoteGlobalIDString = DC7D34E72FF96316003243E6;
			remoteInfo = "Pocket Page";
		};
		DC7D35022FF96316003243E6 /* PBXContainerItemProxy */ = {
			isa = PBXContainerItemProxy;
			containerPortal = DC7D34E02FF96316003243E6 /* Project object */;
			proxyType = 1;
			remoteGlobalIDString = DC7D34E72FF96316003243E6;
			remoteInfo = "Pocket Page";
		};
/* End PBXContainerItemProxy section */

/* Begin PBXFileReference section */
		DC7D34E82FF96316003243E6 /* Pocket Page.app */ = {isa = PBXFileReference; explicitFileType = wrapper.application; includeInIndex = 0; path = "Pocket Page.app"; sourceTree = BUILT_PRODUCTS_DIR; };
		DC7D34F72FF96316003243E6 /* Pocket PageTests.xctest */ = {isa = PBXFileReference; explicitFileType = wrapper.cfbundle; includeInIndex = 0; path = "Pocket PageTests.xctest"; sourceTree = BUILT_PRODUCTS_DIR; };
		DC7D35012FF96316003243E6 /* Pocket PageUITests.xctest */ = {isa = PBXFileReference; explicitFileType = wrapper.cfbundle; includeInIndex = 0; path = "Pocket PageUITests.xctest"; sourceTree = BUILT_PRODUCTS_DIR; };
		DCF2F6892FFC0A8F00D366B8 /* Qwen2.5-0.5B-Instruct-4bit */ = {isa = PBXFileReference; lastKnownFileType = folder; name = "Qwen2.5-0.5B-Instruct-4bit"; path = "../Qwen2.5-0.5B-Instruct-4bit"; sourceTree = "<group>"; };
/* End PBXFileReference section */

/* Begin PBXFileSystemSynchronizedRootGroup section */
		DC7D34EA2FF96316003243E6 /* Pocket Page */ = {
			isa = PBXFileSystemSynchronizedRootGroup;
			path = "Pocket Page";
			sourceTree = "<group>";
		};
		DC7D34FA2FF96316003243E6 /* Pocket PageTests */ = {
			isa = PBXFileSystemSynchronizedRootGroup;
			path = "Pocket PageTests";
			sourceTree = "<group>";
		};
		DC7D35042FF96316003243E6 /* Pocket PageUITests */ = {
			isa = PBXFileSystemSynchronizedRootGroup;
			path = "Pocket PageUITests";
			sourceTree = "<group>";
		};
/* End PBXFileSystemSynchronizedRootGroup section */

/* Begin PBXFrameworksBuildPhase section */
		DC7D34E52FF96316003243E6 /* Frameworks */ = {
			isa = PBXFrameworksBuildPhase;
			buildActionMask = 2147483647;
			files = (
				DC3B9B0B2FFB76BF006C011B /* Hub in Frameworks */,
				DC0CF3B02FFA3838001E0BE8 /* MLXLLM in Frameworks */,
				DCF338862FFA359B00FDA1A3 /* MLX in Frameworks */,
				DC5AE35D2FFA41940099A946 /* MLXHuggingFace in Frameworks */,
				DC5AE3602FFA43C00099A946 /* HuggingFace in Frameworks */,
				DC3B9B092FFB7619006C011B /* Tokenizers in Frameworks */,
			);
			runOnlyForDeploymentPostprocessing = 0;
		};
		DC7D34F42FF96316003243E6 /* Frameworks */ = {
			isa = PBXFrameworksBuildPhase;
			buildActionMask = 2147483647;
			files = (
			);
			runOnlyForDeploymentPostprocessing = 0;
		};
		DC7D34FE2FF96316003243E6 /* Frameworks */ = {
			isa = PBXFrameworksBuildPhase;
			buildActionMask = 2147483647;
			files = (
			);
			runOnlyForDeploymentPostprocessing = 0;
		};
/* End PBXFrameworksBuildPhase section */

/* Begin PBXGroup section */
		DC7D34DF2FF96316003243E6 = {
			isa = PBXGroup;
			children = (
				DCF2F6892FFC0A8F00D366B8 /* Qwen2.5-0.5B-Instruct-4bit */,
				DC7D34EA2FF96316003243E6 /* Pocket Page */,
				DC7D34FA2FF96316003243E6 /* Pocket PageTests */,
				DC7D35042FF96316003243E6 /* Pocket PageUITests */,
				DCF338842FFA359B00FDA1A3 /* Frameworks */,
				DC7D34E92FF96316003243E6 /* Products */,
			);
			sourceTree = "<group>";
		};
		DC7D34E92FF96316003243E6 /* Products */ = {
			isa = PBXGroup;
			children = (
				DC7D34E82FF96316003243E6 /* Pocket Page.app */,
				DC7D34F72FF96316003243E6 /* Pocket PageTests.xctest */,
				DC7D35012FF96316003243E6 /* Pocket PageUITests.xctest */,
			);
			name = Products;
			sourceTree = "<group>";
		};
		DCF338842FFA359B00FDA1A3 /* Frameworks */ = {
			isa = PBXGroup;
			children = (
			);
			name = Frameworks;
			sourceTree = "<group>";
		};
/* End PBXGroup section */

/* Begin PBXNativeTarget section */
		DC7D34E72FF96316003243E6 /* Pocket Page */ = {
			isa = PBXNativeTarget;
			buildConfigurationList = DC7D350B2FF96316003243E6 /* Build configuration list for PBXNativeTarget "Pocket Page" */;
			buildPhases = (
				DC7D34E42FF96316003243E6 /* Sources */,
				DC7D34E52FF96316003243E6 /* Frameworks */,
				DC7D34E62FF96316003243E6 /* Resources */,
			);
			buildRules = (
			);
			dependencies = (
			);
			fileSystemSynchronizedGroups = (
				DC7D34EA2FF96316003243E6 /* Pocket Page */,
			);
			name = "Pocket Page";
			packageProductDependencies = (
				DCF338852FFA359B00FDA1A3 /* MLX */,
				DC0CF3AF2FFA3838001E0BE8 /* MLXLLM */,
				DC5AE35C2FFA41940099A946 /* MLXHuggingFace */,
				DC5AE35F2FFA43C00099A946 /* HuggingFace */,
				DC3B9B082FFB7619006C011B /* Tokenizers */,
				DC3B9B0A2FFB76BF006C011B /* Hub */,
			);
			productName = "Pocket Page";
			productReference = DC7D34E82FF96316003243E6 /* Pocket Page.app */;
			productType = "com.apple.product-type.application";
		};
		DC7D34F62FF96316003243E6 /* Pocket PageTests */ = {
			isa = PBXNativeTarget;
			buildConfigurationList = DC7D350E2FF96316003243E6 /* Build configuration list for PBXNativeTarget "Pocket PageTests" */;
			buildPhases = (
				DC7D34F32FF96316003243E6 /* Sources */,
				DC7D34F42FF96316003243E6 /* Frameworks */,
				DC7D34F52FF96316003243E6 /* Resources */,
			);
			buildRules = (
			);
			dependencies = (
				DC7D34F92FF96316003243E6 /* PBXTargetDependency */,
			);
			fileSystemSynchronizedGroups = (
				DC7D34FA2FF96316003243E6 /* Pocket PageTests */,
			);
			name = "Pocket PageTests";
			packageProductDependencies = (
			);
			productName = "Pocket PageTests";
			productReference = DC7D34F72FF96316003243E6 /* Pocket PageTests.xctest */;
			productType = "com.apple.product-type.bundle.unit-test";
		};
		DC7D35002FF96316003243E6 /* Pocket PageUITests */ = {
			isa = PBXNativeTarget;
			buildConfigurationList = DC7D35112FF96316003243E6 /* Build configuration list for PBXNativeTarget "Pocket PageUITests" */;
			buildPhases = (
				DC7D34FD2FF96316003243E6 /* Sources */,
				DC7D34FE2FF96316003243E6 /* Frameworks */,
				DC7D34FF2FF96316003243E6 /* Resources */,
			);
			buildRules = (
			);
			dependencies = (
				DC7D35032FF96316003243E6 /* PBXTargetDependency */,
			);
			fileSystemSynchronizedGroups = (
				DC7D35042FF96316003243E6 /* Pocket PageUITests */,
			);
			name = "Pocket PageUITests";
			packageProductDependencies = (
			);
			productName = "Pocket PageUITests";
			productReference = DC7D35012FF96316003243E6 /* Pocket PageUITests.xctest */;
			productType = "com.apple.product-type.bundle.ui-testing";
		};
/* End PBXNativeTarget section */

/* Begin PBXProject section */
		DC7D34E02FF96316003243E6 /* Project object */ = {
			isa = PBXProject;
			attributes = {
				BuildIndependentTargetsInParallel = 1;
				LastSwiftUpdateCheck = 2660;
				LastUpgradeCheck = 2660;
				TargetAttributes = {
					DC7D34E72FF96316003243E6 = {
						CreatedOnToolsVersion = 26.6;
					};
					DC7D34F62FF96316003243E6 = {
						CreatedOnToolsVersion = 26.6;
						TestTargetID = DC7D34E72FF96316003243E6;
					};
					DC7D35002FF96316003243E6 = {
						CreatedOnToolsVersion = 26.6;
						TestTargetID = DC7D34E72FF96316003243E6;
					};
				};
			};
			buildConfigurationList = DC7D34E32FF96316003243E6 /* Build configuration list for PBXProject "Pocket Page" */;
			developmentRegion = en;
			hasScannedForEncodings = 0;
			knownRegions = (
				en,
				Base,
			);
			mainGroup = DC7D34DF2FF96316003243E6;
			minimizedProjectReferenceProxies = 1;
			packageReferences = (
				DC8A1A1D2FFA300F004CB2BF /* XCRemoteSwiftPackageReference "mlx-swift" */,
				DC0CF3AE2FFA381C001E0BE8 /* XCRemoteSwiftPackageReference "mlx-swift-lm" */,
				DC5AE35E2FFA43AE0099A946 /* XCRemoteSwiftPackageReference "swift-huggingface" */,
				DC3B9B072FFB7606006C011B /* XCRemoteSwiftPackageReference "swift-transformers" */,
			);
			preferredProjectObjectVersion = 77;
			productRefGroup = DC7D34E92FF96316003243E6 /* Products */;
			projectDirPath = "";
			projectRoot = "";
			targets = (
				DC7D34E72FF96316003243E6 /* Pocket Page */,
				DC7D34F62FF96316003243E6 /* Pocket PageTests */,
				DC7D35002FF96316003243E6 /* Pocket PageUITests */,
			);
		};
/* End PBXProject section */

/* Begin PBXResourcesBuildPhase section */
		DC7D34E62FF96316003243E6 /* Resources */ = {
			isa = PBXResourcesBuildPhase;
			buildActionMask = 2147483647;
			files = (
				DCF2F68A2FFC0A8F00D366B8 /* Qwen2.5-0.5B-Instruct-4bit in Resources */,
			);
			runOnlyForDeploymentPostprocessing = 0;
		};
		DC7D34F52FF96316003243E6 /* Resources */ = {
			isa = PBXResourcesBuildPhase;
			buildActionMask = 2147483647;
			files = (
			);
			runOnlyForDeploymentPostprocessing = 0;
		};
		DC7D34FF2FF96316003243E6 /* Resources */ = {
			isa = PBXResourcesBuildPhase;
			buildActionMask = 2147483647;
			files = (
			);
			runOnlyForDeploymentPostprocessing = 0;
		};
/* End PBXResourcesBuildPhase section */

/* Begin PBXSourcesBuildPhase section */
		DC7D34E42FF96316003243E6 /* Sources */ = {
			isa = PBXSourcesBuildPhase;
			buildActionMask = 2147483647;
			files = (
			);
			runOnlyForDeploymentPostprocessing = 0;
		};
		DC7D34F32FF96316003243E6 /* Sources */ = {
			isa = PBXSourcesBuildPhase;
			buildActionMask = 2147483647;
			files = (
			);
			runOnlyForDeploymentPostprocessing = 0;
		};
		DC7D34FD2FF96316003243E6 /* Sources */ = {
			isa = PBXSourcesBuildPhase;
			buildActionMask = 2147483647;
			files = (
			);
			runOnlyForDeploymentPostprocessing = 0;
		};
/* End PBXSourcesBuildPhase section */

/* Begin PBXTargetDependency section */
		DC7D34F92FF96316003243E6 /* PBXTargetDependency */ = {
			isa = PBXTargetDependency;
			target = DC7D34E72FF96316003243E6 /* Pocket Page */;
			targetProxy = DC7D34F82FF96316003243E6 /* PBXContainerItemProxy */;
		};
		DC7D35032FF96316003243E6 /* PBXTargetDependency */ = {
			isa = PBXTargetDependency;
			target = DC7D34E72FF96316003243E6 /* Pocket Page */;
			targetProxy = DC7D35022FF96316003243E6 /* PBXContainerItemProxy */;
		};
/* End PBXTargetDependency section */

/* Begin XCBuildConfiguration section */
		DC7D35092FF96316003243E6 /* Debug */ = {
			isa = XCBuildConfiguration;
			buildSettings = {
				ALWAYS_SEARCH_USER_PATHS = NO;
				ASSETCATALOG_COMPILER_GENERATE_SWIFT_ASSET_SYMBOL_EXTENSIONS = YES;
				CLANG_ANALYZER_NONNULL = YES;
				CLANG_ANALYZER_NUMBER_OBJECT_CONVERSION = YES_AGGRESSIVE;
				CLANG_CXX_LANGUAGE_STANDARD = "gnu++20";
				CLANG_ENABLE_MODULES = YES;
				CLANG_ENABLE_OBJC_ARC = YES;
				CLANG_ENABLE_OBJC_WEAK = YES;
				CLANG_WARN_BLOCK_CAPTURE_AUTORELEASING = YES;
				CLANG_WARN_BOOL_CONVERSION = YES;
				CLANG_WARN_COMMA = YES;
				CLANG_WARN_CONSTANT_CONVERSION = YES;
				CLANG_WARN_DEPRECATED_OBJC_IMPLEMENTATIONS = YES;
				CLANG_WARN_DIRECT_OBJC_ISA_USAGE = YES_ERROR;
				CLANG_WARN_DOCUMENTATION_COMMENTS = YES;
				CLANG_WARN_EMPTY_BODY = YES;
				CLANG_WARN_ENUM_CONVERSION = YES;
				CLANG_WARN_INFINITE_RECURSION = YES;
				CLANG_WARN_INT_CONVERSION = YES;
				CLANG_WARN_NON_LITERAL_NULL_CONVERSION = YES;
				CLANG_WARN_OBJC_IMPLICIT_RETAIN_SELF = YES;
				CLANG_WARN_OBJC_LITERAL_CONVERSION = YES;
				CLANG_WARN_OBJC_ROOT_CLASS = YES_ERROR;
				CLANG_WARN_QUOTED_INCLUDE_IN_FRAMEWORK_HEADER = YES;
				CLANG_WARN_RANGE_LOOP_ANALYSIS = YES;
				CLANG_WARN_STRICT_PROTOTYPES = YES;
				CLANG_WARN_SUSPICIOUS_MOVE = YES;
				CLANG_WARN_UNGUARDED_AVAILABILITY = YES_AGGRESSIVE;
				CLANG_WARN_UNREACHABLE_CODE = YES;
				CLANG_WARN__DUPLICATE_METHOD_MATCH = YES;
				COPY_PHASE_STRIP = NO;
				DEBUG_INFORMATION_FORMAT = dwarf;
				ENABLE_STRICT_OBJC_MSGSEND = YES;
				ENABLE_TESTABILITY = YES;
				ENABLE_USER_SCRIPT_SANDBOXING = YES;
				GCC_C_LANGUAGE_STANDARD = gnu17;
				GCC_DYNAMIC_NO_PIC = NO;
				GCC_NO_COMMON_BLOCKS = YES;
				GCC_OPTIMIZATION_LEVEL = 0;
				GCC_PREPROCESSOR_DEFINITIONS = (
					"DEBUG=1",
					"$(inherited)",
				);
				GCC_WARN_64_TO_32_BIT_CONVERSION = YES;
				GCC_WARN_ABOUT_RETURN_TYPE = YES_ERROR;
				GCC_WARN_UNDECLARED_SELECTOR = YES;
				GCC_WARN_UNINITIALIZED_AUTOS = YES_AGGRESSIVE;
				GCC_WARN_UNUSED_FUNCTION = YES;
				GCC_WARN_UNUSED_VARIABLE = YES;
				IPHONEOS_DEPLOYMENT_TARGET = 26.5;
				LOCALIZATION_PREFERS_STRING_CATALOGS = YES;
				MTL_ENABLE_DEBUG_INFO = INCLUDE_SOURCE;
				MTL_FAST_MATH = YES;
				ONLY_ACTIVE_ARCH = YES;
				SDKROOT = iphoneos;
				SWIFT_ACTIVE_COMPILATION_CONDITIONS = "DEBUG $(inherited)";
				SWIFT_OPTIMIZATION_LEVEL = "-Onone";
			};
			name = Debug;
		};
		DC7D350A2FF96316003243E6 /* Release */ = {
			isa = XCBuildConfiguration;
			buildSettings = {
				ALWAYS_SEARCH_USER_PATHS = NO;
				ASSETCATALOG_COMPILER_GENERATE_SWIFT_ASSET_SYMBOL_EXTENSIONS = YES;
				CLANG_ANALYZER_NONNULL = YES;
				CLANG_ANALYZER_NUMBER_OBJECT_CONVERSION = YES_AGGRESSIVE;
				CLANG_CXX_LANGUAGE_STANDARD = "gnu++20";
				CLANG_ENABLE_MODULES = YES;
				CLANG_ENABLE_OBJC_ARC = YES;
				CLANG_ENABLE_OBJC_WEAK = YES;
				CLANG_WARN_BLOCK_CAPTURE_AUTORELEASING = YES;
				CLANG_WARN_BOOL_CONVERSION = YES;
				CLANG_WARN_COMMA = YES;
				CLANG_WARN_CONSTANT_CONVERSION = YES;
				CLANG_WARN_DEPRECATED_OBJC_IMPLEMENTATIONS = YES;
				CLANG_WARN_DIRECT_OBJC_ISA_USAGE = YES_ERROR;
				CLANG_WARN_DOCUMENTATION_COMMENTS = YES;
				CLANG_WARN_EMPTY_BODY = YES;
				CLANG_WARN_ENUM_CONVERSION = YES;
				CLANG_WARN_INFINITE_RECURSION = YES;
				CLANG_WARN_INT_CONVERSION = YES;
				CLANG_WARN_NON_LITERAL_NULL_CONVERSION = YES;
				CLANG_WARN_OBJC_IMPLICIT_RETAIN_SELF = YES;
				CLANG_WARN_OBJC_LITERAL_CONVERSION = YES;
				CLANG_WARN_OBJC_ROOT_CLASS = YES_ERROR;
				CLANG_WARN_QUOTED_INCLUDE_IN_FRAMEWORK_HEADER = YES;
				CLANG_WARN_RANGE_LOOP_ANALYSIS = YES;
				CLANG_WARN_STRICT_PROTOTYPES = YES;
				CLANG_WARN_SUSPICIOUS_MOVE = YES;
				CLANG_WARN_UNGUARDED_AVAILABILITY = YES_AGGRESSIVE;
				CLANG_WARN_UNREACHABLE_CODE = YES;
				CLANG_WARN__DUPLICATE_METHOD_MATCH = YES;
				COPY_PHASE_STRIP = NO;
				DEBUG_INFORMATION_FORMAT = "dwarf-with-dsym";
				ENABLE_NS_ASSERTIONS = NO;
				ENABLE_STRICT_OBJC_MSGSEND = YES;
				ENABLE_USER_SCRIPT_SANDBOXING = YES;
				GCC_C_LANGUAGE_STANDARD = gnu17;
				GCC_NO_COMMON_BLOCKS = YES;
				GCC_WARN_64_TO_32_BIT_CONVERSION = YES;
				GCC_WARN_ABOUT_RETURN_TYPE = YES_ERROR;
				GCC_WARN_UNDECLARED_SELECTOR = YES;
				GCC_WARN_UNINITIALIZED_AUTOS = YES_AGGRESSIVE;
				GCC_WARN_UNUSED_FUNCTION = YES;
				GCC_WARN_UNUSED_VARIABLE = YES;
				IPHONEOS_DEPLOYMENT_TARGET = 26.5;
				LOCALIZATION_PREFERS_STRING_CATALOGS = YES;
				MTL_ENABLE_DEBUG_INFO = NO;
				MTL_FAST_MATH = YES;
				SDKROOT = iphoneos;
				SWIFT_COMPILATION_MODE = wholemodule;
				VALIDATE_PRODUCT = YES;
			};
			name = Release;
		};
		DC7D350C2FF96316003243E6 /* Debug */ = {
			isa = XCBuildConfiguration;
			buildSettings = {
				ASSETCATALOG_COMPILER_APPICON_NAME = AppIcon;
				ASSETCATALOG_COMPILER_GLOBAL_ACCENT_COLOR_NAME = AccentColor;
				CODE_SIGN_STYLE = Automatic;
				CURRENT_PROJECT_VERSION = 1;
				ENABLE_PREVIEWS = YES;
				GENERATE_INFOPLIST_FILE = YES;
				INFOPLIST_KEY_UIApplicationSceneManifest_Generation = YES;
				INFOPLIST_KEY_UIApplicationSupportsIndirectInputEvents = YES;
				INFOPLIST_KEY_UILaunchScreen_Generation = YES;
				INFOPLIST_KEY_UISupportedInterfaceOrientations_iPad = "UIInterfaceOrientationPortrait UIInterfaceOrientationPortraitUpsideDown UIInterfaceOrientationLandscapeLeft UIInterfaceOrientationLandscapeRight";
				INFOPLIST_KEY_UISupportedInterfaceOrientations_iPhone = "UIInterfaceOrientationPortrait UIInterfaceOrientationLandscapeLeft UIInterfaceOrientationLandscapeRight";
				LD_RUNPATH_SEARCH_PATHS = (
					"$(inherited)",
					"@executable_path/Frameworks",
				);
				MARKETING_VERSION = 1.0;
				PRODUCT_BUNDLE_IDENTIFIER = "com.nytinrana.Pocket-Page";
				PRODUCT_NAME = "$(TARGET_NAME)";
				STRING_CATALOG_GENERATE_SYMBOLS = YES;
				SWIFT_APPROACHABLE_CONCURRENCY = YES;
				SWIFT_DEFAULT_ACTOR_ISOLATION = MainActor;
				SWIFT_EMIT_LOC_STRINGS = YES;
				SWIFT_UPCOMING_FEATURE_MEMBER_IMPORT_VISIBILITY = YES;
				SWIFT_VERSION = 5.0;
				TARGETED_DEVICE_FAMILY = "1,2";
			};
			name = Debug;
		};
		DC7D350D2FF96316003243E6 /* Release */ = {
			isa = XCBuildConfiguration;
			buildSettings = {
				ASSETCATALOG_COMPILER_APPICON_NAME = AppIcon;
				ASSETCATALOG_COMPILER_GLOBAL_ACCENT_COLOR_NAME = AccentColor;
				CODE_SIGN_STYLE = Automatic;
				CURRENT_PROJECT_VERSION = 1;
				ENABLE_PREVIEWS = YES;
				GENERATE_INFOPLIST_FILE = YES;
				INFOPLIST_KEY_UIApplicationSceneManifest_Generation = YES;
				INFOPLIST_KEY_UIApplicationSupportsIndirectInputEvents = YES;
				INFOPLIST_KEY_UILaunchScreen_Generation = YES;
				INFOPLIST_KEY_UISupportedInterfaceOrientations_iPad = "UIInterfaceOrientationPortrait UIInterfaceOrientationPortraitUpsideDown UIInterfaceOrientationLandscapeLeft UIInterfaceOrientationLandscapeRight";
				INFOPLIST_KEY_UISupportedInterfaceOrientations_iPhone = "UIInterfaceOrientationPortrait UIInterfaceOrientationLandscapeLeft UIInterfaceOrientationLandscapeRight";
				LD_RUNPATH_SEARCH_PATHS = (
					"$(inherited)",
					"@executable_path/Frameworks",
				);
				MARKETING_VERSION = 1.0;
				PRODUCT_BUNDLE_IDENTIFIER = "com.nytinrana.Pocket-Page";
				PRODUCT_NAME = "$(TARGET_NAME)";
				STRING_CATALOG_GENERATE_SYMBOLS = YES;
				SWIFT_APPROACHABLE_CONCURRENCY = YES;
				SWIFT_DEFAULT_ACTOR_ISOLATION = MainActor;
				SWIFT_EMIT_LOC_STRINGS = YES;
				SWIFT_UPCOMING_FEATURE_MEMBER_IMPORT_VISIBILITY = YES;
				SWIFT_VERSION = 5.0;
				TARGETED_DEVICE_FAMILY = "1,2";
			};
			name = Release;
		};
		DC7D350F2FF96316003243E6 /* Debug */ = {
			isa = XCBuildConfiguration;
			buildSettings = {
				BUNDLE_LOADER = "$(TEST_HOST)";
				CODE_SIGN_STYLE = Automatic;
				CURRENT_PROJECT_VERSION = 1;
				GENERATE_INFOPLIST_FILE = YES;
				IPHONEOS_DEPLOYMENT_TARGET = 26.5;
				MARKETING_VERSION = 1.0;
				PRODUCT_BUNDLE_IDENTIFIER = "com.nytinrana.Pocket-PageTests";
				PRODUCT_NAME = "$(TARGET_NAME)";
				STRING_CATALOG_GENERATE_SYMBOLS = NO;
				SWIFT_APPROACHABLE_CONCURRENCY = YES;
				SWIFT_EMIT_LOC_STRINGS = NO;
				SWIFT_UPCOMING_FEATURE_MEMBER_IMPORT_VISIBILITY = YES;
				SWIFT_VERSION = 5.0;
				TARGETED_DEVICE_FAMILY = "1,2";
				TEST_HOST = "$(BUILT_PRODUCTS_DIR)/Pocket Page.app/$(BUNDLE_EXECUTABLE_FOLDER_PATH)/Pocket Page";
			};
			name = Debug;
		};
		DC7D35102FF96316003243E6 /* Release */ = {
			isa = XCBuildConfiguration;
			buildSettings = {
				BUNDLE_LOADER = "$(TEST_HOST)";
				CODE_SIGN_STYLE = Automatic;
				CURRENT_PROJECT_VERSION = 1;
				GENERATE_INFOPLIST_FILE = YES;
				IPHONEOS_DEPLOYMENT_TARGET = 26.5;
				MARKETING_VERSION = 1.0;
				PRODUCT_BUNDLE_IDENTIFIER = "com.nytinrana.Pocket-PageTests";
				PRODUCT_NAME = "$(TARGET_NAME)";
				STRING_CATALOG_GENERATE_SYMBOLS = NO;
				SWIFT_APPROACHABLE_CONCURRENCY = YES;
				SWIFT_EMIT_LOC_STRINGS = NO;
				SWIFT_UPCOMING_FEATURE_MEMBER_IMPORT_VISIBILITY = YES;
				SWIFT_VERSION = 5.0;
				TARGETED_DEVICE_FAMILY = "1,2";
				TEST_HOST = "$(BUILT_PRODUCTS_DIR)/Pocket Page.app/$(BUNDLE_EXECUTABLE_FOLDER_PATH)/Pocket Page";
			};
			name = Release;
		};
		DC7D35122FF96316003243E6 /* Debug */ = {
			isa = XCBuildConfiguration;
			buildSettings = {
				CODE_SIGN_STYLE = Automatic;
				CURRENT_PROJECT_VERSION = 1;
				GENERATE_INFOPLIST_FILE = YES;
				MARKETING_VERSION = 1.0;
				PRODUCT_BUNDLE_IDENTIFIER = "com.nytinrana.Pocket-PageUITests";
				PRODUCT_NAME = "$(TARGET_NAME)";
				STRING_CATALOG_GENERATE_SYMBOLS = NO;
				SWIFT_APPROACHABLE_CONCURRENCY = YES;
				SWIFT_EMIT_LOC_STRINGS = NO;
				SWIFT_UPCOMING_FEATURE_MEMBER_IMPORT_VISIBILITY = YES;
				SWIFT_VERSION = 5.0;
				TARGETED_DEVICE_FAMILY = "1,2";
				TEST_TARGET_NAME = "Pocket Page";
			};
			name = Debug;
		};
		DC7D35132FF96316003243E6 /* Release */ = {
			isa = XCBuildConfiguration;
			buildSettings = {
				CODE_SIGN_STYLE = Automatic;
				CURRENT_PROJECT_VERSION = 1;
				GENERATE_INFOPLIST_FILE = YES;
				MARKETING_VERSION = 1.0;
				PRODUCT_BUNDLE_IDENTIFIER = "com.nytinrana.Pocket-PageUITests";
				PRODUCT_NAME = "$(TARGET_NAME)";
				STRING_CATALOG_GENERATE_SYMBOLS = NO;
				SWIFT_APPROACHABLE_CONCURRENCY = YES;
				SWIFT_EMIT_LOC_STRINGS = NO;
				SWIFT_UPCOMING_FEATURE_MEMBER_IMPORT_VISIBILITY = YES;
				SWIFT_VERSION = 5.0;
				TARGETED_DEVICE_FAMILY = "1,2";
				TEST_TARGET_NAME = "Pocket Page";
			};
			name = Release;
		};
/* End XCBuildConfiguration section */

/* Begin XCConfigurationList section */
		DC7D34E32FF96316003243E6 /* Build configuration list for PBXProject "Pocket Page" */ = {
			isa = XCConfigurationList;
			buildConfigurations = (
				DC7D35092FF96316003243E6 /* Debug */,
				DC7D350A2FF96316003243E6 /* Release */,
			);
			defaultConfigurationIsVisible = 0;
			defaultConfigurationName = Release;
		};
		DC7D350B2FF96316003243E6 /* Build configuration list for PBXNativeTarget "Pocket Page" */ = {
			isa = XCConfigurationList;
			buildConfigurations = (
				DC7D350C2FF96316003243E6 /* Debug */,
				DC7D350D2FF96316003243E6 /* Release */,
			);
			defaultConfigurationIsVisible = 0;
			defaultConfigurationName = Release;
		};
		DC7D350E2FF96316003243E6 /* Build configuration list for PBXNativeTarget "Pocket PageTests" */ = {
			isa = XCConfigurationList;
			buildConfigurations = (
				DC7D350F2FF96316003243E6 /* Debug */,
				DC7D35102FF96316003243E6 /* Release */,
			);
			defaultConfigurationIsVisible = 0;
			defaultConfigurationName = Release;
		};
		DC7D35112FF96316003243E6 /* Build configuration list for PBXNativeTarget "Pocket PageUITests" */ = {
			isa = XCConfigurationList;
			buildConfigurations = (
				DC7D35122FF96316003243E6 /* Debug */,
				DC7D35132FF96316003243E6 /* Release */,
			);
			defaultConfigurationIsVisible = 0;
			defaultConfigurationName = Release;
		};
/* End XCConfigurationList section */

/* Begin XCRemoteSwiftPackageReference section */
		DC0CF3AE2FFA381C001E0BE8 /* XCRemoteSwiftPackageReference "mlx-swift-lm" */ = {
			isa = XCRemoteSwiftPackageReference;
			repositoryURL = "https://github.com/ml-explore/mlx-swift-lm";
			requirement = {
				kind = upToNextMajorVersion;
				minimumVersion = 3.31.4;
			};
		};
		DC3B9B072FFB7606006C011B /* XCRemoteSwiftPackageReference "swift-transformers" */ = {
			isa = XCRemoteSwiftPackageReference;
			repositoryURL = "https://github.com/huggingface/swift-transformers";
			requirement = {
				kind = upToNextMajorVersion;
				minimumVersion = 1.3.3;
			};
		};
		DC5AE35E2FFA43AE0099A946 /* XCRemoteSwiftPackageReference "swift-huggingface" */ = {
			isa = XCRemoteSwiftPackageReference;
			repositoryURL = "https://github.com/huggingface/swift-huggingface";
			requirement = {
				kind = upToNextMajorVersion;
				minimumVersion = 0.9.0;
			};
		};
		DC8A1A1D2FFA300F004CB2BF /* XCRemoteSwiftPackageReference "mlx-swift" */ = {
			isa = XCRemoteSwiftPackageReference;
			repositoryURL = "https://github.com/ml-explore/mlx-swift";
			requirement = {
				kind = upToNextMajorVersion;
				minimumVersion = 0.31.6;
			};
		};
/* End XCRemoteSwiftPackageReference section */

/* Begin XCSwiftPackageProductDependency section */
		DC0CF3AF2FFA3838001E0BE8 /* MLXLLM */ = {
			isa = XCSwiftPackageProductDependency;
			package = DC0CF3AE2FFA381C001E0BE8 /* XCRemoteSwiftPackageReference "mlx-swift-lm" */;
			productName = MLXLLM;
		};
		DC3B9B082FFB7619006C011B /* Tokenizers */ = {
			isa = XCSwiftPackageProductDependency;
			package = DC3B9B072FFB7606006C011B /* XCRemoteSwiftPackageReference "swift-transformers" */;
			productName = Tokenizers;
		};
		DC3B9B0A2FFB76BF006C011B /* Hub */ = {
			isa = XCSwiftPackageProductDependency;
			package = DC3B9B072FFB7606006C011B /* XCRemoteSwiftPackageReference "swift-transformers" */;
			productName = Hub;
		};
		DC5AE35C2FFA41940099A946 /* MLXHuggingFace */ = {
			isa = XCSwiftPackageProductDependency;
			package = DC0CF3AE2FFA381C001E0BE8 /* XCRemoteSwiftPackageReference "mlx-swift-lm" */;
			productName = MLXHuggingFace;
		};
		DC5AE35F2FFA43C00099A946 /* HuggingFace */ = {
			isa = XCSwiftPackageProductDependency;
			package = DC5AE35E2FFA43AE0099A946 /* XCRemoteSwiftPackageReference "swift-huggingface" */;
			productName = HuggingFace;
		};
		DCF338852FFA359B00FDA1A3 /* MLX */ = {
			isa = XCSwiftPackageProductDependency;
			package = DC8A1A1D2FFA300F004CB2BF /* XCRemoteSwiftPackageReference "mlx-swift" */;
			productName = MLX;
		};
/* End XCSwiftPackageProductDependency section */
	};
	rootObject = DC7D34E02FF96316003243E6 /* Project object */;
}
